
Microsoft Visual Studio Solution File, Format Version 12.00
# Visual Studio Version 16
VisualStudioVersion = 16.0.31829.152
MinimumVisualStudioVersion = 10.0.40219.1
Project("{FAE04EC0-301F-11D3-BF4B-00C04F79EFBC}") = "RouterControlButtonDesigner", "RouterControlButtonDesigner.csproj", "{A295C31F-3486-4FB6-B49E-29F9AA7DBA92}"
EndProject
Global
	GlobalSection(SolutionConfigurationPlatforms) = preSolution
		Debug|Any CPU = Debug|Any CPU
		Release|Any CPU = Release|Any CPU
	EndGlobalSection
	GlobalSection(ProjectConfigurationPlatforms) = postSolution
		{A295C31F-3486-4FB6-B49E-29F9AA7DBA92}.Debug|Any CPU.ActiveCfg = Debug|Any CPU
		{A295C31F-3486-4FB6-B49E-29F9AA7DBA92}.Debug|Any CPU.Build.0 = Debug|Any CPU
		{A295C31F-3486-4FB6-B49E-29F9AA7DBA92}.Release|Any CPU.ActiveCfg = Release|Any CPU
		{A295C31F-3486-4FB6-B49E-29F9AA7DBA92}.Release|Any CPU.Build.0 = Release|Any CPU
	EndGlobalSection
	GlobalSection(SolutionProperties) = preSolution
		HideSolutionNode = FALSE
	EndGlobalSection
	GlobalSection(ExtensibilityGlobals) = postSolution
		SolutionGuid = {4EE779AA-5716-4BA8-A3E0-24B2C1DF4A00}
	EndGlobalSection
EndGlobal
